// !$*UTF8*$!
{
	archiveVersion = 1;
	classes = {
	};
	objectVersion = 50;
	objects = {

/* Begin PBXBuildFile section */
		A88FF754283EE59400E87F4E /* DataService.swift in Sources */ = {isa = PBXBuildFile; fileRef = A88FF753283EE59400E87F4E /* DataService.swift */; };
		A88FF756283EE59400E87F4E /* ContentView.swift in Sources */ = {isa = PBXBuildFile; fileRef = A88FF755283EE59400E87F4E /* ContentView.swift */; };
		A88FF758283EE59500E87F4E /* Assets.xcassets in Resources */ = {isa = PBXBuildFile; fileRef = A88FF757283EE59500E87F4E /* Assets.xcassets */; };
		A88FF75B283EE59500E87F4E /* Preview Assets.xcassets in Resources */ = {isa = PBXBuildFile; fileRef = A88FF75A283EE59500E87F4E /* Preview Assets.xcassets */; };
		A88FF769283EE5CD00E87F4E /* quotes.json in Resources */ = {isa = PBXBuildFile; fileRef = A88FF768283EE5CD00E87F4E /* quotes.json */; };
		A88FF76D283EE5EC00E87F4E /* QuoteView.swift in Sources */ = {isa = PBXBuildFile; fileRef = A88FF76C283EE5EC00E87F4E /* QuoteView.swift */; };
		A88FF771283EE80300E87F4E /* qoute.swift in Sources */ = {isa = PBXBuildFile; fileRef = A88FF770283EE80300E87F4E /* qoute.swift */; };
		A88FF774283EEA0200E87F4E /* QuoteModel.swift in Sources */ = {isa = PBXBuildFile; fileRef = A88FF773283EEA0200E87F4E /* QuoteModel.swift */; };
/* End PBXBuildFile section */

/* Begin PBXFileReference section */
		A88FF750283EE59400E87F4E /* WrapUp App.app */ = {isa = PBXFileReference; explicitFileType = wrapper.application; includeInIndex = 0; path = "WrapUp App.app"; sourceTree = BUILT_PRODUCTS_DIR; };
		A88FF753283EE59400E87F4E /* DataService.swift */ = {isa = PBXFileReference; lastKnownFileType = sourcecode.swift; path = DataService.swift; sourceTree = "<group>"; };
		A88FF755283EE59400E87F4E /* ContentView.swift */ = {isa = PBXFileReference; lastKnownFileType = sourcecode.swift; path = ContentView.swift; sourceTree = "<group>"; };
		A88FF757283EE59500E87F4E /* Assets.xcassets */ = {isa = PBXFileReference; lastKnownFileType = folder.assetcatalog; path = Assets.xcassets; sourceTree = "<group>"; };
		A88FF75A283EE59500E87F4E /* Preview Assets.xcassets */ = {isa = PBXFileReference; lastKnownFileType = folder.assetcatalog; path = "Preview Assets.xcassets"; sourceTree = "<group>"; };
		A88FF75C283EE59500E87F4E /* Info.plist */ = {isa = PBXFileReference; lastKnownFileType = text.plist.xml; path = Info.plist; sourceTree = "<group>"; };
		A88FF768283EE5CD00E87F4E /* quotes.json */ = {isa = PBXFileReference; lastKnownFileType = text.json; path = quotes.json; sourceTree = "<group>"; };
		A88FF76C283EE5EC00E87F4E /* QuoteView.swift */ = {isa = PBXFileReference; lastKnownFileType = sourcecode.swift; path = QuoteView.swift; sourceTree = "<group>"; };
		A88FF770283EE80300E87F4E /* qoute.swift */ = {isa = PBXFileReference; lastKnownFileType = sourcecode.swift; path = qoute.swift; sourceTree = "<group>"; };
		A88FF773283EEA0200E87F4E /* QuoteModel.swift */ = {isa = PBXFileReference; lastKnownFileType = sourcecode.swift; path = QuoteModel.swift; sourceTree = "<group>"; };
/* End PBXFileReference section */

/* Begin PBXFrameworksBuildPhase section */
		A88FF74D283EE59400E87F4E /* Frameworks */ = {
			isa = PBXFrameworksBuildPhase;
			buildActionMask = 2147483647;
			files = (
			);
			runOnlyForDeploymentPostprocessing = 0;
		};
/* End PBXFrameworksBuildPhase section */

/* Begin PBXGroup section */
		A88FF747283EE59400E87F4E = {
			isa = PBXGroup;
			children = (
				A88FF752283EE59400E87F4E /* WrapUp App */,
				A88FF751283EE59400E87F4E /* Products */,
			);
			sourceTree = "<group>";
		};
		A88FF751283EE59400E87F4E /* Products */ = {
			isa = PBXGroup;
			children = (
				A88FF750283EE59400E87F4E /* WrapUp App.app */,
			);
			name = Products;
			sourceTree = "<group>";
		};
		A88FF752283EE59400E87F4E /* WrapUp App */ = {
			isa = PBXGroup;
			children = (
				A88FF767283EE5B900E87F4E /* Data */,
				A88FF766283EE5B300E87F4E /* ViewModels */,
				A88FF765283EE5AF00E87F4E /* Views */,
				A88FF764283EE5A600E87F4E /* Models */,
				A88FF763283EE59E00E87F4E /* Services */,
				A88FF753283EE59400E87F4E /* DataService.swift */,
				A88FF757283EE59500E87F4E /* Assets.xcassets */,
				A88FF75C283EE59500E87F4E /* Info.plist */,
				A88FF759283EE59500E87F4E /* Preview Content */,
			);
			path = "WrapUp App";
			sourceTree = "<group>";
		};
		A88FF759283EE59500E87F4E /* Preview Content */ = {
			isa = PBXGroup;
			children = (
				A88FF75A283EE59500E87F4E /* Preview Assets.xcassets */,
			);
			path = "Preview Content";
			sourceTree = "<group>";
		};
		A88FF763283EE59E00E87F4E /* Services */ = {
			isa = PBXGroup;
			children = (
			);
			path = Services;
			sourceTree = "<group>";
		};
		A88FF764283EE5A600E87F4E /* Models */ = {
			isa = PBXGroup;
			children = (
				A88FF770283EE80300E87F4E /* qoute.swift */,
			);
			path = Models;
			sourceTree = "<group>";
		};
		A88FF765283EE5AF00E87F4E /* Views */ = {
			isa = PBXGroup;
			children = (
				A88FF755283EE59400E87F4E /* ContentView.swift */,
				A88FF76C283EE5EC00E87F4E /* QuoteView.swift */,
			);
			path = Views;
			sourceTree = "<group>";
		};
		A88FF766283EE5B300E87F4E /* ViewModels */ = {
			isa = PBXGroup;
			children = (
				A88FF773283EEA0200E87F4E /* QuoteModel.swift */,
			);
			path = ViewModels;
			sourceTree = "<group>";
		};
		A88FF767283EE5B900E87F4E /* Data */ = {
			isa = PBXGroup;
			children = (
				A88FF768283EE5CD00E87F4E /* quotes.json */,
			);
			path = Data;
			sourceTree = "<group>";
		};
/* End PBXGroup section */

/* Begin PBXNativeTarget section */
		A88FF74F283EE59400E87F4E /* WrapUp App */ = {
			isa = PBXNativeTarget;
			buildConfigurationList = A88FF75F283EE59500E87F4E /* Build configuration list for PBXNativeTarget "WrapUp App" */;
			buildPhases = (
				A88FF74C283EE59400E87F4E /* Sources */,
				A88FF74D283EE59400E87F4E /* Frameworks */,
				A88FF74E283EE59400E87F4E /* Resources */,
			);
			buildRules = (
			);
			dependencies = (
			);
			name = "WrapUp App";
			productName = "WrapUp App";
			productReference = A88FF750283EE59400E87F4E /* WrapUp App.app */;
			productType = "com.apple.product-type.application";
		};
/* End PBXNativeTarget section */

/* Begin PBXProject section */
		A88FF748283EE59400E87F4E /* Project object */ = {
			isa = PBXProject;
			attributes = {
				LastSwiftUpdateCheck = 1240;
				LastUpgradeCheck = 1240;
				TargetAttributes = {
					A88FF74F283EE59400E87F4E = {
						CreatedOnToolsVersion = 12.4;
					};
				};
			};
			buildConfigurationList = A88FF74B283EE59400E87F4E /* Build configuration list for PBXProject "WrapUp App" */;
			compatibilityVersion = "Xcode 9.3";
			developmentRegion = en;
			hasScannedForEncodings = 0;
			knownRegions = (
				en,
				Base,
			);
			mainGroup = A88FF747283EE59400E87F4E;
			productRefGroup = A88FF751283EE59400E87F4E /* Products */;
			projectDirPath = "";
			projectRoot = "";
			targets = (
				A88FF74F283EE59400E87F4E /* WrapUp App */,
			);
		};
/* End PBXProject section */

/* Begin PBXResourcesBuildPhase section */
		A88FF74E283EE59400E87F4E /* Resources */ = {
			isa = PBXResourcesBuildPhase;
			buildActionMask = 2147483647;
			files = (
				A88FF75B283EE59500E87F4E /* Preview Assets.xcassets in Resources */,
				A88FF758283EE59500E87F4E /* Assets.xcassets in Resources */,
				A88FF769283EE5CD00E87F4E /* quotes.json in Resources */,
			);
			runOnlyForDeploymentPostprocessing = 0;
		};
/* End PBXResourcesBuildPhase section */

/* Begin PBXSourcesBuildPhase section */
		A88FF74C283EE59400E87F4E /* Sources */ = {
			isa = PBXSourcesBuildPhase;
			buildActionMask = 2147483647;
			files = (
				A88FF774283EEA0200E87F4E /* QuoteModel.swift in Sources */,
				A88FF771283EE80300E87F4E /* qoute.swift in Sources */,
				A88FF756283EE59400E87F4E /* ContentView.swift in Sources */,
				A88FF76D283EE5EC00E87F4E /* QuoteView.swift in Sources */,
				A88FF754283EE59400E87F4E /* DataService.swift in Sources */,
			);
			runOnlyForDeploymentPostprocessing = 0;
		};
/* End PBXSourcesBuildPhase section */

/* Begin XCBuildConfiguration section */
		A88FF75D283EE59500E87F4E /* Debug */ = {
			isa = XCBuildConfiguration;
			buildSettings = {
				ALWAYS_SEARCH_USER_PATHS = NO;
				CLANG_ANALYZER_NONNULL = YES;
				CLANG_ANALYZER_NUMBER_OBJECT_CONVERSION = YES_AGGRESSIVE;
				CLANG_CXX_LANGUAGE_STANDARD = "gnu++14";
				CLANG_CXX_LIBRARY = "libc++";
				CLANG_ENABLE_MODULES = YES;
				CLANG_ENABLE_OBJC_ARC = YES;
				CLANG_ENABLE_OBJC_WEAK = YES;
				CLANG_WARN_BLOCK_CAPTURE_AUTORELEASING = YES;
				CLANG_WARN_BOOL_CONVERSION = YES;
				CLANG_WARN_COMMA = YES;
				CLANG_WARN_CONSTANT_CONVERSION = YES;
				CLANG_WARN_DEPRECATED_OBJC_IMPLEMENTATIONS = YES;
				CLANG_WARN_DIRECT_OBJC_ISA_USAGE = YES_ERROR;
				CLANG_WARN_DOCUMENTATION_COMMENTS = YES;
				CLANG_WARN_EMPTY_BODY = YES;
				CLANG_WARN_ENUM_CONVERSION = YES;
				CLANG_WARN_INFINITE_RECURSION = YES;
				CLANG_WARN_INT_CONVERSION = YES;
				CLANG_WARN_NON_LITERAL_NULL_CONVERSION = YES;
				CLANG_WARN_OBJC_IMPLICIT_RETAIN_SELF = YES;
				CLANG_WARN_OBJC_LITERAL_CONVERSION = YES;
				CLANG_WARN_OBJC_ROOT_CLASS = YES_ERROR;
				CLANG_WARN_QUOTED_INCLUDE_IN_FRAMEWORK_HEADER = YES;
				CLANG_WARN_RANGE_LOOP_ANALYSIS = YES;
				CLANG_WARN_STRICT_PROTOTYPES = YES;
				CLANG_WARN_SUSPICIOUS_MOVE = YES;
				CLANG_WARN_UNGUARDED_AVAILABILITY = YES_AGGRESSIVE;
				CLANG_WARN_UNREACHABLE_CODE = YES;
				CLANG_WARN__DUPLICATE_METHOD_MATCH = YES;
				COPY_PHASE_STRIP = NO;
				DEBUG_INFORMATION_FORMAT = dwarf;
				ENABLE_STRICT_OBJC_MSGSEND = YES;
				ENABLE_TESTABILITY = YES;
				GCC_C_LANGUAGE_STANDARD = gnu11;
				GCC_DYNAMIC_NO_PIC = NO;
				GCC_NO_COMMON_BLOCKS = YES;
				GCC_OPTIMIZATION_LEVEL = 0;
				GCC_PREPROCESSOR_DEFINITIONS = (
					"DEBUG=1",
					"$(inherited)",
				);
				GCC_WARN_64_TO_32_BIT_CONVERSION = YES;
				GCC_WARN_ABOUT_RETURN_TYPE = YES_ERROR;
				GCC_WARN_UNDECLARED_SELECTOR = YES;
				GCC_WARN_UNINITIALIZED_AUTOS = YES_AGGRESSIVE;
				GCC_WARN_UNUSED_FUNCTION = YES;
				GCC_WARN_UNUSED_VARIABLE = YES;
				IPHONEOS_DEPLOYMENT_TARGET = 14.4;
				MTL_ENABLE_DEBUG_INFO = INCLUDE_SOURCE;
				MTL_FAST_MATH = YES;
				ONLY_ACTIVE_ARCH = YES;
				SDKROOT = iphoneos;
				SWIFT_ACTIVE_COMPILATION_CONDITIONS = DEBUG;
				SWIFT_OPTIMIZATION_LEVEL = "-Onone";
			};
			name = Debug;
		};
		A88FF75E283EE59500E87F4E /* Release */ = {
			isa = XCBuildConfiguration;
			buildSettings = {
				ALWAYS_SEARCH_USER_PATHS = NO;
				CLANG_ANALYZER_NONNULL = YES;
				CLANG_ANALYZER_NUMBER_OBJECT_CONVERSION = YES_AGGRESSIVE;
				CLANG_CXX_LANGUAGE_STANDARD = "gnu++14";
				CLANG_CXX_LIBRARY = "libc++";
				CLANG_ENABLE_MODULES = YES;
				CLANG_ENABLE_OBJC_ARC = YES;
				CLANG_ENABLE_OBJC_WEAK = YES;
				CLANG_WARN_BLOCK_CAPTURE_AUTORELEASING = YES;
				CLANG_WARN_BOOL_CONVERSION = YES;
				CLANG_WARN_COMMA = YES;
				CLANG_WARN_CONSTANT_CONVERSION = YES;
				CLANG_WARN_DEPRECATED_OBJC_IMPLEMENTATIONS = YES;
				CLANG_WARN_DIRECT_OBJC_ISA_USAGE = YES_ERROR;
				CLANG_WARN_DOCUMENTATION_COMMENTS = YES;
				CLANG_WARN_EMPTY_BODY = YES;
				CLANG_WARN_ENUM_CONVERSION = YES;
				CLANG_WARN_INFINITE_RECURSION = YES;
				CLANG_WARN_INT_CONVERSION = YES;
				CLANG_WARN_NON_LITERAL_NULL_CONVERSION = YES;
				CLANG_WARN_OBJC_IMPLICIT_RETAIN_SELF = YES;
				CLANG_WARN_OBJC_LITERAL_CONVERSION = YES;
				CLANG_WARN_OBJC_ROOT_CLASS = YES_ERROR;
				CLANG_WARN_QUOTED_INCLUDE_IN_FRAMEWORK_HEADER = YES;
				CLANG_WARN_RANGE_LOOP_ANALYSIS = YES;
				CLANG_WARN_STRICT_PROTOTYPES = YES;
				CLANG_WARN_SUSPICIOUS_MOVE = YES;
				CLANG_WARN_UNGUARDED_AVAILABILITY = YES_AGGRESSIVE;
				CLANG_WARN_UNREACHABLE_CODE = YES;
				CLANG_WARN__DUPLICATE_METHOD_MATCH = YES;
				COPY_PHASE_STRIP = NO;
				DEBUG_INFORMATION_FORMAT = "dwarf-with-dsym";
				ENABLE_NS_ASSERTIONS = NO;
				ENABLE_STRICT_OBJC_MSGSEND = YES;
				GCC_C_LANGUAGE_STANDARD = gnu11;
				GCC_NO_COMMON_BLOCKS = YES;
				GCC_WARN_64_TO_32_BIT_CONVERSION = YES;
				GCC_WARN_ABOUT_RETURN_TYPE = YES_ERROR;
				GCC_WARN_UNDECLARED_SELECTOR = YES;
				GCC_WARN_UNINITIALIZED_AUTOS = YES_AGGRESSIVE;
				GCC_WARN_UNUSED_FUNCTION = YES;
				GCC_WARN_UNUSED_VARIABLE = YES;
				IPHONEOS_DEPLOYMENT_TARGET = 14.4;
				MTL_ENABLE_DEBUG_INFO = NO;
				MTL_FAST_MATH = YES;
				SDKROOT = iphoneos;
				SWIFT_COMPILATION_MODE = wholemodule;
				SWIFT_OPTIMIZATION_LEVEL = "-O";
				VALIDATE_PRODUCT = YES;
			};
			name = Release;
		};
		A88FF760283EE59500E87F4E /* Debug */ = {
			isa = XCBuildConfiguration;
			buildSettings = {
				ASSETCATALOG_COMPILER_APPICON_NAME = AppIcon;
				ASSETCATALOG_COMPILER_GLOBAL_ACCENT_COLOR_NAME = AccentColor;
				CODE_SIGN_STYLE = Automatic;
				DEVELOPMENT_ASSET_PATHS = "\"WrapUp App/Preview Content\"";
				DEVELOPMENT_TEAM = 5R7P56JQ4P;
				ENABLE_PREVIEWS = YES;
				INFOPLIST_FILE = "WrapUp App/Info.plist";
				IPHONEOS_DEPLOYMENT_TARGET = 14.0;
				LD_RUNPATH_SEARCH_PATHS = (
					"$(inherited)",
					"@executable_path/Frameworks",
				);
				PRODUCT_BUNDLE_IDENTIFIER = "Self.WrapUp-App";
				PRODUCT_NAME = "$(TARGET_NAME)";
				SWIFT_VERSION = 5.0;
				TARGETED_DEVICE_FAMILY = "1,2";
			};
			name = Debug;
		};
		A88FF761283EE59500E87F4E /* Release */ = {
			isa = XCBuildConfiguration;
			buildSettings = {
				ASSETCATALOG_COMPILER_APPICON_NAME = AppIcon;
				ASSETCATALOG_COMPILER_GLOBAL_ACCENT_COLOR_NAME = AccentColor;
				CODE_SIGN_STYLE = Automatic;
				DEVELOPMENT_ASSET_PATHS = "\"WrapUp App/Preview Content\"";
				DEVELOPMENT_TEAM = 5R7P56JQ4P;
				ENABLE_PREVIEWS = YES;
				INFOPLIST_FILE = "WrapUp App/Info.plist";
				IPHONEOS_DEPLOYMENT_TARGET = 14.0;
				LD_RUNPATH_SEARCH_PATHS = (
					"$(inherited)",
					"@executable_path/Frameworks",
				);
				PRODUCT_BUNDLE_IDENTIFIER = "Self.WrapUp-App";
				PRODUCT_NAME = "$(TARGET_NAME)";
				SWIFT_VERSION = 5.0;
				TARGETED_DEVICE_FAMILY = "1,2";
			};
			name = Release;
		};
/* End XCBuildConfiguration section */

/* Begin XCConfigurationList section */
		A88FF74B283EE59400E87F4E /* Build configuration list for PBXProject "WrapUp App" */ = {
			isa = XCConfigurationList;
			buildConfigurations = (
				A88FF75D283EE59500E87F4E /* Debug */,
				A88FF75E283EE59500E87F4E /* Release */,
			);
			defaultConfigurationIsVisible = 0;
			defaultConfigurationName = Release;
		};
		A88FF75F283EE59500E87F4E /* Build configuration list for PBXNativeTarget "WrapUp App" */ = {
			isa = XCConfigurationList;
			buildConfigurations = (
				A88FF760283EE59500E87F4E /* Debug */,
				A88FF761283EE59500E87F4E /* Release */,
			);
			defaultConfigurationIsVisible = 0;
			defaultConfigurationName = Release;
		};
/* End XCConfigurationList section */
	};
	rootObject = A88FF748283EE59400E87F4E /* Project object */;
}
