// !$*UTF8*$!
{
	archiveVersion = 1;
	classes = {
	};
	objectVersion = 50;
	objects = {

/* Begin PBXBuildFile section */
		A877F1902840173C00AD98C0 /* Tabs.swift in Sources */ = {isa = PBXBuildFile; fileRef = A877F18F2840173C00AD98C0 /* Tabs.swift */; };
		A88FF71B283D9A3900E87F4E /* RecipeApp.swift in Sources */ = {isa = PBXBuildFile; fileRef = A88FF71A283D9A3900E87F4E /* RecipeApp.swift */; };
		A88FF71D283D9A3900E87F4E /* RecipeListView.swift in Sources */ = {isa = PBXBuildFile; fileRef = A88FF71C283D9A3900E87F4E /* RecipeListView.swift */; };
		A88FF71F283D9A3B00E87F4E /* Assets.xcassets in Resources */ = {isa = PBXBuildFile; fileRef = A88FF71E283D9A3B00E87F4E /* Assets.xcassets */; };
		A88FF722283D9A3B00E87F4E /* Preview Assets.xcassets in Resources */ = {isa = PBXBuildFile; fileRef = A88FF721283D9A3B00E87F4E /* Preview Assets.xcassets */; };
		A88FF731283D9C3300E87F4E /* recipes.json in Resources */ = {isa = PBXBuildFile; fileRef = A88FF730283D9C3300E87F4E /* recipes.json */; };
		A88FF734283D9F5D00E87F4E /* Recipe.swift in Sources */ = {isa = PBXBuildFile; fileRef = A88FF733283D9F5D00E87F4E /* Recipe.swift */; };
		A88FF737283DA08C00E87F4E /* RecipeModel.swift in Sources */ = {isa = PBXBuildFile; fileRef = A88FF736283DA08C00E87F4E /* RecipeModel.swift */; };
		A88FF73B283DA21E00E87F4E /* DataService.swift in Sources */ = {isa = PBXBuildFile; fileRef = A88FF73A283DA21E00E87F4E /* DataService.swift */; };
		A88FF742283DB92000E87F4E /* DetailView.swift in Sources */ = {isa = PBXBuildFile; fileRef = A88FF741283DB92000E87F4E /* DetailView.swift */; };
/* End PBXBuildFile section */

/* Begin PBXFileReference section */
		A877F18F2840173C00AD98C0 /* Tabs.swift */ = {isa = PBXFileReference; lastKnownFileType = sourcecode.swift; path = Tabs.swift; sourceTree = "<group>"; };
		A88FF717283D9A3900E87F4E /* RecipeApp.app */ = {isa = PBXFileReference; explicitFileType = wrapper.application; includeInIndex = 0; path = RecipeApp.app; sourceTree = BUILT_PRODUCTS_DIR; };
		A88FF71A283D9A3900E87F4E /* RecipeApp.swift */ = {isa = PBXFileReference; lastKnownFileType = sourcecode.swift; path = RecipeApp.swift; sourceTree = "<group>"; };
		A88FF71C283D9A3900E87F4E /* RecipeListView.swift */ = {isa = PBXFileReference; lastKnownFileType = sourcecode.swift; path = RecipeListView.swift; sourceTree = "<group>"; };
		A88FF71E283D9A3B00E87F4E /* Assets.xcassets */ = {isa = PBXFileReference; lastKnownFileType = folder.assetcatalog; path = Assets.xcassets; sourceTree = "<group>"; };
		A88FF721283D9A3B00E87F4E /* Preview Assets.xcassets */ = {isa = PBXFileReference; lastKnownFileType = folder.assetcatalog; path = "Preview Assets.xcassets"; sourceTree = "<group>"; };
		A88FF723283D9A3B00E87F4E /* Info.plist */ = {isa = PBXFileReference; lastKnownFileType = text.plist.xml; path = Info.plist; sourceTree = "<group>"; };
		A88FF730283D9C3300E87F4E /* recipes.json */ = {isa = PBXFileReference; fileEncoding = 4; lastKnownFileType = text.json; name = recipes.json; path = "../../../../../../Downloads/RecipeListApp Resources/recipes.json"; sourceTree = "<group>"; };
		A88FF733283D9F5D00E87F4E /* Recipe.swift */ = {isa = PBXFileReference; lastKnownFileType = sourcecode.swift; path = Recipe.swift; sourceTree = "<group>"; };
		A88FF736283DA08C00E87F4E /* RecipeModel.swift */ = {isa = PBXFileReference; lastKnownFileType = sourcecode.swift; path = RecipeModel.swift; sourceTree = "<group>"; };
		A88FF73A283DA21E00E87F4E /* DataService.swift */ = {isa = PBXFileReference; lastKnownFileType = sourcecode.swift; path = DataService.swift; sourceTree = "<group>"; };
		A88FF741283DB92000E87F4E /* DetailView.swift */ = {isa = PBXFileReference; lastKnownFileType = sourcecode.swift; path = DetailView.swift; sourceTree = "<group>"; };
/* End PBXFileReference section */

/* Begin PBXFrameworksBuildPhase section */
		A88FF714283D9A3900E87F4E /* Frameworks */ = {
			isa = PBXFrameworksBuildPhase;
			buildActionMask = 2147483647;
			files = (
			);
			runOnlyForDeploymentPostprocessing = 0;
		};
/* End PBXFrameworksBuildPhase section */

/* Begin PBXGroup section */
		A88FF70E283D9A3900E87F4E = {
			isa = PBXGroup;
			children = (
				A88FF719283D9A3900E87F4E /* RecipeApp */,
				A88FF718283D9A3900E87F4E /* Products */,
			);
			sourceTree = "<group>";
		};
		A88FF718283D9A3900E87F4E /* Products */ = {
			isa = PBXGroup;
			children = (
				A88FF717283D9A3900E87F4E /* RecipeApp.app */,
			);
			name = Products;
			sourceTree = "<group>";
		};
		A88FF719283D9A3900E87F4E /* RecipeApp */ = {
			isa = PBXGroup;
			children = (
				A88FF72E283D9AF000E87F4E /* Models */,
				A88FF72C283D9ADF00E87F4E /* ViewModels */,
				A88FF72B283D9ADA00E87F4E /* Views */,
				A88FF72D283D9AEB00E87F4E /* Data */,
				A88FF72F283D9B2000E87F4E /* Services */,
				A88FF71A283D9A3900E87F4E /* RecipeApp.swift */,
				A88FF71E283D9A3B00E87F4E /* Assets.xcassets */,
				A88FF723283D9A3B00E87F4E /* Info.plist */,
				A88FF720283D9A3B00E87F4E /* Preview Content */,
			);
			path = RecipeApp;
			sourceTree = "<group>";
		};
		A88FF720283D9A3B00E87F4E /* Preview Content */ = {
			isa = PBXGroup;
			children = (
				A88FF721283D9A3B00E87F4E /* Preview Assets.xcassets */,
			);
			path = "Preview Content";
			sourceTree = "<group>";
		};
		A88FF72B283D9ADA00E87F4E /* Views */ = {
			isa = PBXGroup;
			children = (
				A88FF71C283D9A3900E87F4E /* RecipeListView.swift */,
				A88FF741283DB92000E87F4E /* DetailView.swift */,
				A877F18F2840173C00AD98C0 /* Tabs.swift */,
			);
			path = Views;
			sourceTree = "<group>";
		};
		A88FF72C283D9ADF00E87F4E /* ViewModels */ = {
			isa = PBXGroup;
			children = (
				A88FF736283DA08C00E87F4E /* RecipeModel.swift */,
			);
			path = ViewModels;
			sourceTree = "<group>";
		};
		A88FF72D283D9AEB00E87F4E /* Data */ = {
			isa = PBXGroup;
			children = (
				A88FF730283D9C3300E87F4E /* recipes.json */,
			);
			path = Data;
			sourceTree = "<group>";
		};
		A88FF72E283D9AF000E87F4E /* Models */ = {
			isa = PBXGroup;
			children = (
				A88FF733283D9F5D00E87F4E /* Recipe.swift */,
			);
			path = Models;
			sourceTree = "<group>";
		};
		A88FF72F283D9B2000E87F4E /* Services */ = {
			isa = PBXGroup;
			children = (
				A88FF73A283DA21E00E87F4E /* DataService.swift */,
			);
			path = Services;
			sourceTree = "<group>";
		};
/* End PBXGroup section */

/* Begin PBXNativeTarget section */
		A88FF716283D9A3900E87F4E /* RecipeApp */ = {
			isa = PBXNativeTarget;
			buildConfigurationList = A88FF726283D9A3B00E87F4E /* Build configuration list for PBXNativeTarget "RecipeApp" */;
			buildPhases = (
				A88FF713283D9A3900E87F4E /* Sources */,
				A88FF714283D9A3900E87F4E /* Frameworks */,
				A88FF715283D9A3900E87F4E /* Resources */,
			);
			buildRules = (
			);
			dependencies = (
			);
			name = RecipeApp;
			productName = RecipeApp;
			productReference = A88FF717283D9A3900E87F4E /* RecipeApp.app */;
			productType = "com.apple.product-type.application";
		};
/* End PBXNativeTarget section */

/* Begin PBXProject section */
		A88FF70F283D9A3900E87F4E /* Project object */ = {
			isa = PBXProject;
			attributes = {
				LastSwiftUpdateCheck = 1240;
				LastUpgradeCheck = 1240;
				TargetAttributes = {
					A88FF716283D9A3900E87F4E = {
						CreatedOnToolsVersion = 12.4;
					};
				};
			};
			buildConfigurationList = A88FF712283D9A3900E87F4E /* Build configuration list for PBXProject "RecipeApp" */;
			compatibilityVersion = "Xcode 9.3";
			developmentRegion = en;
			hasScannedForEncodings = 0;
			knownRegions = (
				en,
				Base,
			);
			mainGroup = A88FF70E283D9A3900E87F4E;
			productRefGroup = A88FF718283D9A3900E87F4E /* Products */;
			projectDirPath = "";
			projectRoot = "";
			targets = (
				A88FF716283D9A3900E87F4E /* RecipeApp */,
			);
		};
/* End PBXProject section */

/* Begin PBXResourcesBuildPhase section */
		A88FF715283D9A3900E87F4E /* Resources */ = {
			isa = PBXResourcesBuildPhase;
			buildActionMask = 2147483647;
			files = (
				A88FF722283D9A3B00E87F4E /* Preview Assets.xcassets in Resources */,
				A88FF731283D9C3300E87F4E /* recipes.json in Resources */,
				A88FF71F283D9A3B00E87F4E /* Assets.xcassets in Resources */,
			);
			runOnlyForDeploymentPostprocessing = 0;
		};
/* End PBXResourcesBuildPhase section */

/* Begin PBXSourcesBuildPhase section */
		A88FF713283D9A3900E87F4E /* Sources */ = {
			isa = PBXSourcesBuildPhase;
			buildActionMask = 2147483647;
			files = (
				A877F1902840173C00AD98C0 /* Tabs.swift in Sources */,
				A88FF734283D9F5D00E87F4E /* Recipe.swift in Sources */,
				A88FF742283DB92000E87F4E /* DetailView.swift in Sources */,
				A88FF737283DA08C00E87F4E /* RecipeModel.swift in Sources */,
				A88FF71D283D9A3900E87F4E /* RecipeListView.swift in Sources */,
				A88FF71B283D9A3900E87F4E /* RecipeApp.swift in Sources */,
				A88FF73B283DA21E00E87F4E /* DataService.swift in Sources */,
			);
			runOnlyForDeploymentPostprocessing = 0;
		};
/* End PBXSourcesBuildPhase section */

/* Begin XCBuildConfiguration section */
		A88FF724283D9A3B00E87F4E /* Debug */ = {
			isa = XCBuildConfiguration;
			buildSettings = {
				ALWAYS_SEARCH_USER_PATHS = NO;
				CLANG_ANALYZER_NONNULL = YES;
				CLANG_ANALYZER_NUMBER_OBJECT_CONVERSION = YES_AGGRESSIVE;
				CLANG_CXX_LANGUAGE_STANDARD = "gnu++14";
				CLANG_CXX_LIBRARY = "libc++";
				CLANG_ENABLE_MODULES = YES;
				CLANG_ENABLE_OBJC_ARC = YES;
				CLANG_ENABLE_OBJC_WEAK = YES;
				CLANG_WARN_BLOCK_CAPTURE_AUTORELEASING = YES;
				CLANG_WARN_BOOL_CONVERSION = YES;
				CLANG_WARN_COMMA = YES;
				CLANG_WARN_CONSTANT_CONVERSION = YES;
				CLANG_WARN_DEPRECATED_OBJC_IMPLEMENTATIONS = YES;
				CLANG_WARN_DIRECT_OBJC_ISA_USAGE = YES_ERROR;
				CLANG_WARN_DOCUMENTATION_COMMENTS = YES;
				CLANG_WARN_EMPTY_BODY = YES;
				CLANG_WARN_ENUM_CONVERSION = YES;
				CLANG_WARN_INFINITE_RECURSION = YES;
				CLANG_WARN_INT_CONVERSION = YES;
				CLANG_WARN_NON_LITERAL_NULL_CONVERSION = YES;
				CLANG_WARN_OBJC_IMPLICIT_RETAIN_SELF = YES;
				CLANG_WARN_OBJC_LITERAL_CONVERSION = YES;
				CLANG_WARN_OBJC_ROOT_CLASS = YES_ERROR;
				CLANG_WARN_QUOTED_INCLUDE_IN_FRAMEWORK_HEADER = YES;
				CLANG_WARN_RANGE_LOOP_ANALYSIS = YES;
				CLANG_WARN_STRICT_PROTOTYPES = YES;
				CLANG_WARN_SUSPICIOUS_MOVE = YES;
				CLANG_WARN_UNGUARDED_AVAILABILITY = YES_AGGRESSIVE;
				CLANG_WARN_UNREACHABLE_CODE = YES;
				CLANG_WARN__DUPLICATE_METHOD_MATCH = YES;
				COPY_PHASE_STRIP = NO;
				DEBUG_INFORMATION_FORMAT = dwarf;
				ENABLE_STRICT_OBJC_MSGSEND = YES;
				ENABLE_TESTABILITY = YES;
				GCC_C_LANGUAGE_STANDARD = gnu11;
				GCC_DYNAMIC_NO_PIC = NO;
				GCC_NO_COMMON_BLOCKS = YES;
				GCC_OPTIMIZATION_LEVEL = 0;
				GCC_PREPROCESSOR_DEFINITIONS = (
					"DEBUG=1",
					"$(inherited)",
				);
				GCC_WARN_64_TO_32_BIT_CONVERSION = YES;
				GCC_WARN_ABOUT_RETURN_TYPE = YES_ERROR;
				GCC_WARN_UNDECLARED_SELECTOR = YES;
				GCC_WARN_UNINITIALIZED_AUTOS = YES_AGGRESSIVE;
				GCC_WARN_UNUSED_FUNCTION = YES;
				GCC_WARN_UNUSED_VARIABLE = YES;
				IPHONEOS_DEPLOYMENT_TARGET = 14.4;
				MTL_ENABLE_DEBUG_INFO = INCLUDE_SOURCE;
				MTL_FAST_MATH = YES;
				ONLY_ACTIVE_ARCH = YES;
				SDKROOT = iphoneos;
				SWIFT_ACTIVE_COMPILATION_CONDITIONS = DEBUG;
				SWIFT_OPTIMIZATION_LEVEL = "-Onone";
			};
			name = Debug;
		};
		A88FF725283D9A3B00E87F4E /* Release */ = {
			isa = XCBuildConfiguration;
			buildSettings = {
				ALWAYS_SEARCH_USER_PATHS = NO;
				CLANG_ANALYZER_NONNULL = YES;
				CLANG_ANALYZER_NUMBER_OBJECT_CONVERSION = YES_AGGRESSIVE;
				CLANG_CXX_LANGUAGE_STANDARD = "gnu++14";
				CLANG_CXX_LIBRARY = "libc++";
				CLANG_ENABLE_MODULES = YES;
				CLANG_ENABLE_OBJC_ARC = YES;
				CLANG_ENABLE_OBJC_WEAK = YES;
				CLANG_WARN_BLOCK_CAPTURE_AUTORELEASING = YES;
				CLANG_WARN_BOOL_CONVERSION = YES;
				CLANG_WARN_COMMA = YES;
				CLANG_WARN_CONSTANT_CONVERSION = YES;
				CLANG_WARN_DEPRECATED_OBJC_IMPLEMENTATIONS = YES;
				CLANG_WARN_DIRECT_OBJC_ISA_USAGE = YES_ERROR;
				CLANG_WARN_DOCUMENTATION_COMMENTS = YES;
				CLANG_WARN_EMPTY_BODY = YES;
				CLANG_WARN_ENUM_CONVERSION = YES;
				CLANG_WARN_INFINITE_RECURSION = YES;
				CLANG_WARN_INT_CONVERSION = YES;
				CLANG_WARN_NON_LITERAL_NULL_CONVERSION = YES;
				CLANG_WARN_OBJC_IMPLICIT_RETAIN_SELF = YES;
				CLANG_WARN_OBJC_LITERAL_CONVERSION = YES;
				CLANG_WARN_OBJC_ROOT_CLASS = YES_ERROR;
				CLANG_WARN_QUOTED_INCLUDE_IN_FRAMEWORK_HEADER = YES;
				CLANG_WARN_RANGE_LOOP_ANALYSIS = YES;
				CLANG_WARN_STRICT_PROTOTYPES = YES;
				CLANG_WARN_SUSPICIOUS_MOVE = YES;
				CLANG_WARN_UNGUARDED_AVAILABILITY = YES_AGGRESSIVE;
				CLANG_WARN_UNREACHABLE_CODE = YES;
				CLANG_WARN__DUPLICATE_METHOD_MATCH = YES;
				COPY_PHASE_STRIP = NO;
				DEBUG_INFORMATION_FORMAT = "dwarf-with-dsym";
				ENABLE_NS_ASSERTIONS = NO;
				ENABLE_STRICT_OBJC_MSGSEND = YES;
				GCC_C_LANGUAGE_STANDARD = gnu11;
				GCC_NO_COMMON_BLOCKS = YES;
				GCC_WARN_64_TO_32_BIT_CONVERSION = YES;
				GCC_WARN_ABOUT_RETURN_TYPE = YES_ERROR;
				GCC_WARN_UNDECLARED_SELECTOR = YES;
				GCC_WARN_UNINITIALIZED_AUTOS = YES_AGGRESSIVE;
				GCC_WARN_UNUSED_FUNCTION = YES;
				GCC_WARN_UNUSED_VARIABLE = YES;
				IPHONEOS_DEPLOYMENT_TARGET = 14.4;
				MTL_ENABLE_DEBUG_INFO = NO;
				MTL_FAST_MATH = YES;
				SDKROOT = iphoneos;
				SWIFT_COMPILATION_MODE = wholemodule;
				SWIFT_OPTIMIZATION_LEVEL = "-O";
				VALIDATE_PRODUCT = YES;
			};
			name = Release;
		};
		A88FF727283D9A3B00E87F4E /* Debug */ = {
			isa = XCBuildConfiguration;
			buildSettings = {
				ASSETCATALOG_COMPILER_APPICON_NAME = AppIcon;
				ASSETCATALOG_COMPILER_GLOBAL_ACCENT_COLOR_NAME = AccentColor;
				CODE_SIGN_STYLE = Automatic;
				DEVELOPMENT_ASSET_PATHS = "\"RecipeApp/Preview Content\"";
				DEVELOPMENT_TEAM = 5R7P56JQ4P;
				ENABLE_PREVIEWS = YES;
				INFOPLIST_FILE = RecipeApp/Info.plist;
				IPHONEOS_DEPLOYMENT_TARGET = 14.0;
				LD_RUNPATH_SEARCH_PATHS = (
					"$(inherited)",
					"@executable_path/Frameworks",
				);
				PRODUCT_BUNDLE_IDENTIFIER = Self.RecipeApp;
				PRODUCT_NAME = "$(TARGET_NAME)";
				SWIFT_VERSION = 5.0;
				TARGETED_DEVICE_FAMILY = "1,2";
			};
			name = Debug;
		};
		A88FF728283D9A3B00E87F4E /* Release */ = {
			isa = XCBuildConfiguration;
			buildSettings = {
				ASSETCATALOG_COMPILER_APPICON_NAME = AppIcon;
				ASSETCATALOG_COMPILER_GLOBAL_ACCENT_COLOR_NAME = AccentColor;
				CODE_SIGN_STYLE = Automatic;
				DEVELOPMENT_ASSET_PATHS = "\"RecipeApp/Preview Content\"";
				DEVELOPMENT_TEAM = 5R7P56JQ4P;
				ENABLE_PREVIEWS = YES;
				INFOPLIST_FILE = RecipeApp/Info.plist;
				IPHONEOS_DEPLOYMENT_TARGET = 14.0;
				LD_RUNPATH_SEARCH_PATHS = (
					"$(inherited)",
					"@executable_path/Frameworks",
				);
				PRODUCT_BUNDLE_IDENTIFIER = Self.RecipeApp;
				PRODUCT_NAME = "$(TARGET_NAME)";
				SWIFT_VERSION = 5.0;
				TARGETED_DEVICE_FAMILY = "1,2";
			};
			name = Release;
		};
/* End XCBuildConfiguration section */

/* Begin XCConfigurationList section */
		A88FF712283D9A3900E87F4E /* Build configuration list for PBXProject "RecipeApp" */ = {
			isa = XCConfigurationList;
			buildConfigurations = (
				A88FF724283D9A3B00E87F4E /* Debug */,
				A88FF725283D9A3B00E87F4E /* Release */,
			);
			defaultConfigurationIsVisible = 0;
			defaultConfigurationName = Release;
		};
		A88FF726283D9A3B00E87F4E /* Build configuration list for PBXNativeTarget "RecipeApp" */ = {
			isa = XCConfigurationList;
			buildConfigurations = (
				A88FF727283D9A3B00E87F4E /* Debug */,
				A88FF728283D9A3B00E87F4E /* Release */,
			);
			defaultConfigurationIsVisible = 0;
			defaultConfigurationName = Release;
		};
/* End XCConfigurationList section */
	};
	rootObject = A88FF70F283D9A3900E87F4E /* Project object */;
}
