// !$*UTF8*$!
{
	archiveVersion = 1;
	classes = {
	};
	objectVersion = 50;
	objects = {

/* Begin PBXBuildFile section */
		A88FF678283C289300E87F4E /* Practice2_4App.swift in Sources */ = {isa = PBXBuildFile; fileRef = A88FF665283C289000E87F4E /* Practice2_4App.swift */; };
		A88FF679283C289300E87F4E /* Practice2_4App.swift in Sources */ = {isa = PBXBuildFile; fileRef = A88FF665283C289000E87F4E /* Practice2_4App.swift */; };
		A88FF67A283C289300E87F4E /* ContentView.swift in Sources */ = {isa = PBXBuildFile; fileRef = A88FF666283C289000E87F4E /* ContentView.swift */; };
		A88FF67B283C289300E87F4E /* ContentView.swift in Sources */ = {isa = PBXBuildFile; fileRef = A88FF666283C289000E87F4E /* ContentView.swift */; };
		A88FF67C283C289300E87F4E /* Assets.xcassets in Resources */ = {isa = PBXBuildFile; fileRef = A88FF667283C289300E87F4E /* Assets.xcassets */; };
		A88FF67D283C289300E87F4E /* Assets.xcassets in Resources */ = {isa = PBXBuildFile; fileRef = A88FF667283C289300E87F4E /* Assets.xcassets */; };
/* End PBXBuildFile section */

/* Begin PBXFileReference section */
		A88FF665283C289000E87F4E /* Practice2_4App.swift */ = {isa = PBXFileReference; lastKnownFileType = sourcecode.swift; path = Practice2_4App.swift; sourceTree = "<group>"; };
		A88FF666283C289000E87F4E /* ContentView.swift */ = {isa = PBXFileReference; lastKnownFileType = sourcecode.swift; path = ContentView.swift; sourceTree = "<group>"; };
		A88FF667283C289300E87F4E /* Assets.xcassets */ = {isa = PBXFileReference; lastKnownFileType = folder.assetcatalog; path = Assets.xcassets; sourceTree = "<group>"; };
		A88FF66C283C289300E87F4E /* Practice2.4.app */ = {isa = PBXFileReference; explicitFileType = wrapper.application; includeInIndex = 0; path = Practice2.4.app; sourceTree = BUILT_PRODUCTS_DIR; };
		A88FF66F283C289300E87F4E /* Info.plist */ = {isa = PBXFileReference; lastKnownFileType = text.plist.xml; path = Info.plist; sourceTree = "<group>"; };
		A88FF674283C289300E87F4E /* Practice2.4.app */ = {isa = PBXFileReference; explicitFileType = wrapper.application; includeInIndex = 0; path = Practice2.4.app; sourceTree = BUILT_PRODUCTS_DIR; };
		A88FF676283C289300E87F4E /* Info.plist */ = {isa = PBXFileReference; lastKnownFileType = text.plist.xml; path = Info.plist; sourceTree = "<group>"; };
		A88FF677283C289300E87F4E /* macOS.entitlements */ = {isa = PBXFileReference; lastKnownFileType = text.plist.entitlements; path = macOS.entitlements; sourceTree = "<group>"; };
/* End PBXFileReference section */

/* Begin PBXFrameworksBuildPhase section */
		A88FF669283C289300E87F4E /* Frameworks */ = {
			isa = PBXFrameworksBuildPhase;
			buildActionMask = 2147483647;
			files = (
			);
			runOnlyForDeploymentPostprocessing = 0;
		};
		A88FF671283C289300E87F4E /* Frameworks */ = {
			isa = PBXFrameworksBuildPhase;
			buildActionMask = 2147483647;
			files = (
			);
			runOnlyForDeploymentPostprocessing = 0;
		};
/* End PBXFrameworksBuildPhase section */

/* Begin PBXGroup section */
		A88FF65F283C289000E87F4E = {
			isa = PBXGroup;
			children = (
				A88FF664283C289000E87F4E /* Shared */,
				A88FF66E283C289300E87F4E /* iOS */,
				A88FF675283C289300E87F4E /* macOS */,
				A88FF66D283C289300E87F4E /* Products */,
			);
			sourceTree = "<group>";
		};
		A88FF664283C289000E87F4E /* Shared */ = {
			isa = PBXGroup;
			children = (
				A88FF665283C289000E87F4E /* Practice2_4App.swift */,
				A88FF666283C289000E87F4E /* ContentView.swift */,
				A88FF667283C289300E87F4E /* Assets.xcassets */,
			);
			path = Shared;
			sourceTree = "<group>";
		};
		A88FF66D283C289300E87F4E /* Products */ = {
			isa = PBXGroup;
			children = (
				A88FF66C283C289300E87F4E /* Practice2.4.app */,
				A88FF674283C289300E87F4E /* Practice2.4.app */,
			);
			name = Products;
			sourceTree = "<group>";
		};
		A88FF66E283C289300E87F4E /* iOS */ = {
			isa = PBXGroup;
			children = (
				A88FF66F283C289300E87F4E /* Info.plist */,
			);
			path = iOS;
			sourceTree = "<group>";
		};
		A88FF675283C289300E87F4E /* macOS */ = {
			isa = PBXGroup;
			children = (
				A88FF676283C289300E87F4E /* Info.plist */,
				A88FF677283C289300E87F4E /* macOS.entitlements */,
			);
			path = macOS;
			sourceTree = "<group>";
		};
/* End PBXGroup section */

/* Begin PBXNativeTarget section */
		A88FF66B283C289300E87F4E /* Practice2.4 (iOS) */ = {
			isa = PBXNativeTarget;
			buildConfigurationList = A88FF680283C289300E87F4E /* Build configuration list for PBXNativeTarget "Practice2.4 (iOS)" */;
			buildPhases = (
				A88FF668283C289300E87F4E /* Sources */,
				A88FF669283C289300E87F4E /* Frameworks */,
				A88FF66A283C289300E87F4E /* Resources */,
			);
			buildRules = (
			);
			dependencies = (
			);
			name = "Practice2.4 (iOS)";
			productName = "Practice2.4 (iOS)";
			productReference = A88FF66C283C289300E87F4E /* Practice2.4.app */;
			productType = "com.apple.product-type.application";
		};
		A88FF673283C289300E87F4E /* Practice2.4 (macOS) */ = {
			isa = PBXNativeTarget;
			buildConfigurationList = A88FF683283C289300E87F4E /* Build configuration list for PBXNativeTarget "Practice2.4 (macOS)" */;
			buildPhases = (
				A88FF670283C289300E87F4E /* Sources */,
				A88FF671283C289300E87F4E /* Frameworks */,
				A88FF672283C289300E87F4E /* Resources */,
			);
			buildRules = (
			);
			dependencies = (
			);
			name = "Practice2.4 (macOS)";
			productName = "Practice2.4 (macOS)";
			productReference = A88FF674283C289300E87F4E /* Practice2.4.app */;
			productType = "com.apple.product-type.application";
		};
/* End PBXNativeTarget section */

/* Begin PBXProject section */
		A88FF660283C289000E87F4E /* Project object */ = {
			isa = PBXProject;
			attributes = {
				LastSwiftUpdateCheck = 1240;
				LastUpgradeCheck = 1240;
				TargetAttributes = {
					A88FF66B283C289300E87F4E = {
						CreatedOnToolsVersion = 12.4;
					};
					A88FF673283C289300E87F4E = {
						CreatedOnToolsVersion = 12.4;
					};
				};
			};
			buildConfigurationList = A88FF663283C289000E87F4E /* Build configuration list for PBXProject "Practice2.4" */;
			compatibilityVersion = "Xcode 9.3";
			developmentRegion = en;
			hasScannedForEncodings = 0;
			knownRegions = (
				en,
				Base,
			);
			mainGroup = A88FF65F283C289000E87F4E;
			productRefGroup = A88FF66D283C289300E87F4E /* Products */;
			projectDirPath = "";
			projectRoot = "";
			targets = (
				A88FF66B283C289300E87F4E /* Practice2.4 (iOS) */,
				A88FF673283C289300E87F4E /* Practice2.4 (macOS) */,
			);
		};
/* End PBXProject section */

/* Begin PBXResourcesBuildPhase section */
		A88FF66A283C289300E87F4E /* Resources */ = {
			isa = PBXResourcesBuildPhase;
			buildActionMask = 2147483647;
			files = (
				A88FF67C283C289300E87F4E /* Assets.xcassets in Resources */,
			);
			runOnlyForDeploymentPostprocessing = 0;
		};
		A88FF672283C289300E87F4E /* Resources */ = {
			isa = PBXResourcesBuildPhase;
			buildActionMask = 2147483647;
			files = (
				A88FF67D283C289300E87F4E /* Assets.xcassets in Resources */,
			);
			runOnlyForDeploymentPostprocessing = 0;
		};
/* End PBXResourcesBuildPhase section */

/* Begin PBXSourcesBuildPhase section */
		A88FF668283C289300E87F4E /* Sources */ = {
			isa = PBXSourcesBuildPhase;
			buildActionMask = 2147483647;
			files = (
				A88FF67A283C289300E87F4E /* ContentView.swift in Sources */,
				A88FF678283C289300E87F4E /* Practice2_4App.swift in Sources */,
			);
			runOnlyForDeploymentPostprocessing = 0;
		};
		A88FF670283C289300E87F4E /* Sources */ = {
			isa = PBXSourcesBuildPhase;
			buildActionMask = 2147483647;
			files = (
				A88FF67B283C289300E87F4E /* ContentView.swift in Sources */,
				A88FF679283C289300E87F4E /* Practice2_4App.swift in Sources */,
			);
			runOnlyForDeploymentPostprocessing = 0;
		};
/* End PBXSourcesBuildPhase section */

/* Begin XCBuildConfiguration section */
		A88FF67E283C289300E87F4E /* Debug */ = {
			isa = XCBuildConfiguration;
			buildSettings = {
				ALWAYS_SEARCH_USER_PATHS = NO;
				CLANG_ANALYZER_NONNULL = YES;
				CLANG_ANALYZER_NUMBER_OBJECT_CONVERSION = YES_AGGRESSIVE;
				CLANG_CXX_LANGUAGE_STANDARD = "gnu++14";
				CLANG_CXX_LIBRARY = "libc++";
				CLANG_ENABLE_MODULES = YES;
				CLANG_ENABLE_OBJC_ARC = YES;
				CLANG_ENABLE_OBJC_WEAK = YES;
				CLANG_WARN_BLOCK_CAPTURE_AUTORELEASING = YES;
				CLANG_WARN_BOOL_CONVERSION = YES;
				CLANG_WARN_COMMA = YES;
				CLANG_WARN_CONSTANT_CONVERSION = YES;
				CLANG_WARN_DEPRECATED_OBJC_IMPLEMENTATIONS = YES;
				CLANG_WARN_DIRECT_OBJC_ISA_USAGE = YES_ERROR;
				CLANG_WARN_DOCUMENTATION_COMMENTS = YES;
				CLANG_WARN_EMPTY_BODY = YES;
				CLANG_WARN_ENUM_CONVERSION = YES;
				CLANG_WARN_INFINITE_RECURSION = YES;
				CLANG_WARN_INT_CONVERSION = YES;
				CLANG_WARN_NON_LITERAL_NULL_CONVERSION = YES;
				CLANG_WARN_OBJC_IMPLICIT_RETAIN_SELF = YES;
				CLANG_WARN_OBJC_LITERAL_CONVERSION = YES;
				CLANG_WARN_OBJC_ROOT_CLASS = YES_ERROR;
				CLANG_WARN_QUOTED_INCLUDE_IN_FRAMEWORK_HEADER = YES;
				CLANG_WARN_RANGE_LOOP_ANALYSIS = YES;
				CLANG_WARN_STRICT_PROTOTYPES = YES;
				CLANG_WARN_SUSPICIOUS_MOVE = YES;
				CLANG_WARN_UNGUARDED_AVAILABILITY = YES_AGGRESSIVE;
				CLANG_WARN_UNREACHABLE_CODE = YES;
				CLANG_WARN__DUPLICATE_METHOD_MATCH = YES;
				COPY_PHASE_STRIP = NO;
				DEBUG_INFORMATION_FORMAT = dwarf;
				ENABLE_STRICT_OBJC_MSGSEND = YES;
				ENABLE_TESTABILITY = YES;
				GCC_C_LANGUAGE_STANDARD = gnu11;
				GCC_DYNAMIC_NO_PIC = NO;
				GCC_NO_COMMON_BLOCKS = YES;
				GCC_OPTIMIZATION_LEVEL = 0;
				GCC_PREPROCESSOR_DEFINITIONS = (
					"DEBUG=1",
					"$(inherited)",
				);
				GCC_WARN_64_TO_32_BIT_CONVERSION = YES;
				GCC_WARN_ABOUT_RETURN_TYPE = YES_ERROR;
				GCC_WARN_UNDECLARED_SELECTOR = YES;
				GCC_WARN_UNINITIALIZED_AUTOS = YES_AGGRESSIVE;
				GCC_WARN_UNUSED_FUNCTION = YES;
				GCC_WARN_UNUSED_VARIABLE = YES;
				MTL_ENABLE_DEBUG_INFO = INCLUDE_SOURCE;
				MTL_FAST_MATH = YES;
				ONLY_ACTIVE_ARCH = YES;
				SWIFT_ACTIVE_COMPILATION_CONDITIONS = DEBUG;
				SWIFT_OPTIMIZATION_LEVEL = "-Onone";
			};
			name = Debug;
		};
		A88FF67F283C289300E87F4E /* Release */ = {
			isa = XCBuildConfiguration;
			buildSettings = {
				ALWAYS_SEARCH_USER_PATHS = NO;
				CLANG_ANALYZER_NONNULL = YES;
				CLANG_ANALYZER_NUMBER_OBJECT_CONVERSION = YES_AGGRESSIVE;
				CLANG_CXX_LANGUAGE_STANDARD = "gnu++14";
				CLANG_CXX_LIBRARY = "libc++";
				CLANG_ENABLE_MODULES = YES;
				CLANG_ENABLE_OBJC_ARC = YES;
				CLANG_ENABLE_OBJC_WEAK = YES;
				CLANG_WARN_BLOCK_CAPTURE_AUTORELEASING = YES;
				CLANG_WARN_BOOL_CONVERSION = YES;
				CLANG_WARN_COMMA = YES;
				CLANG_WARN_CONSTANT_CONVERSION = YES;
				CLANG_WARN_DEPRECATED_OBJC_IMPLEMENTATIONS = YES;
				CLANG_WARN_DIRECT_OBJC_ISA_USAGE = YES_ERROR;
				CLANG_WARN_DOCUMENTATION_COMMENTS = YES;
				CLANG_WARN_EMPTY_BODY = YES;
				CLANG_WARN_ENUM_CONVERSION = YES;
				CLANG_WARN_INFINITE_RECURSION = YES;
				CLANG_WARN_INT_CONVERSION = YES;
				CLANG_WARN_NON_LITERAL_NULL_CONVERSION = YES;
				CLANG_WARN_OBJC_IMPLICIT_RETAIN_SELF = YES;
				CLANG_WARN_OBJC_LITERAL_CONVERSION = YES;
				CLANG_WARN_OBJC_ROOT_CLASS = YES_ERROR;
				CLANG_WARN_QUOTED_INCLUDE_IN_FRAMEWORK_HEADER = YES;
				CLANG_WARN_RANGE_LOOP_ANALYSIS = YES;
				CLANG_WARN_STRICT_PROTOTYPES = YES;
				CLANG_WARN_SUSPICIOUS_MOVE = YES;
				CLANG_WARN_UNGUARDED_AVAILABILITY = YES_AGGRESSIVE;
				CLANG_WARN_UNREACHABLE_CODE = YES;
				CLANG_WARN__DUPLICATE_METHOD_MATCH = YES;
				COPY_PHASE_STRIP = NO;
				DEBUG_INFORMATION_FORMAT = "dwarf-with-dsym";
				ENABLE_NS_ASSERTIONS = NO;
				ENABLE_STRICT_OBJC_MSGSEND = YES;
				GCC_C_LANGUAGE_STANDARD = gnu11;
				GCC_NO_COMMON_BLOCKS = YES;
				GCC_WARN_64_TO_32_BIT_CONVERSION = YES;
				GCC_WARN_ABOUT_RETURN_TYPE = YES_ERROR;
				GCC_WARN_UNDECLARED_SELECTOR = YES;
				GCC_WARN_UNINITIALIZED_AUTOS = YES_AGGRESSIVE;
				GCC_WARN_UNUSED_FUNCTION = YES;
				GCC_WARN_UNUSED_VARIABLE = YES;
				MTL_ENABLE_DEBUG_INFO = NO;
				MTL_FAST_MATH = YES;
				SWIFT_COMPILATION_MODE = wholemodule;
				SWIFT_OPTIMIZATION_LEVEL = "-O";
			};
			name = Release;
		};
		A88FF681283C289300E87F4E /* Debug */ = {
			isa = XCBuildConfiguration;
			buildSettings = {
				ASSETCATALOG_COMPILER_APPICON_NAME = AppIcon;
				ASSETCATALOG_COMPILER_GLOBAL_ACCENT_COLOR_NAME = AccentColor;
				CODE_SIGN_STYLE = Automatic;
				DEVELOPMENT_TEAM = 5R7P56JQ4P;
				ENABLE_PREVIEWS = YES;
				INFOPLIST_FILE = iOS/Info.plist;
				IPHONEOS_DEPLOYMENT_TARGET = 14.0;
				LD_RUNPATH_SEARCH_PATHS = (
					"$(inherited)",
					"@executable_path/Frameworks",
				);
				PRODUCT_BUNDLE_IDENTIFIER = "Self.Practice2-4";
				PRODUCT_NAME = Practice2.4;
				SDKROOT = iphoneos;
				SWIFT_VERSION = 5.0;
				TARGETED_DEVICE_FAMILY = "1,2";
			};
			name = Debug;
		};
		A88FF682283C289300E87F4E /* Release */ = {
			isa = XCBuildConfiguration;
			buildSettings = {
				ASSETCATALOG_COMPILER_APPICON_NAME = AppIcon;
				ASSETCATALOG_COMPILER_GLOBAL_ACCENT_COLOR_NAME = AccentColor;
				CODE_SIGN_STYLE = Automatic;
				DEVELOPMENT_TEAM = 5R7P56JQ4P;
				ENABLE_PREVIEWS = YES;
				INFOPLIST_FILE = iOS/Info.plist;
				IPHONEOS_DEPLOYMENT_TARGET = 14.0;
				LD_RUNPATH_SEARCH_PATHS = (
					"$(inherited)",
					"@executable_path/Frameworks",
				);
				PRODUCT_BUNDLE_IDENTIFIER = "Self.Practice2-4";
				PRODUCT_NAME = Practice2.4;
				SDKROOT = iphoneos;
				SWIFT_VERSION = 5.0;
				TARGETED_DEVICE_FAMILY = "1,2";
				VALIDATE_PRODUCT = YES;
			};
			name = Release;
		};
		A88FF684283C289300E87F4E /* Debug */ = {
			isa = XCBuildConfiguration;
			buildSettings = {
				ASSETCATALOG_COMPILER_APPICON_NAME = AppIcon;
				ASSETCATALOG_COMPILER_GLOBAL_ACCENT_COLOR_NAME = AccentColor;
				CODE_SIGN_ENTITLEMENTS = macOS/macOS.entitlements;
				CODE_SIGN_STYLE = Automatic;
				COMBINE_HIDPI_IMAGES = YES;
				DEVELOPMENT_TEAM = 5R7P56JQ4P;
				ENABLE_HARDENED_RUNTIME = YES;
				ENABLE_PREVIEWS = YES;
				INFOPLIST_FILE = macOS/Info.plist;
				LD_RUNPATH_SEARCH_PATHS = (
					"$(inherited)",
					"@executable_path/../Frameworks",
				);
				MACOSX_DEPLOYMENT_TARGET = 11.0;
				PRODUCT_BUNDLE_IDENTIFIER = "Self.Practice2-4";
				PRODUCT_NAME = Practice2.4;
				SDKROOT = macosx;
				SWIFT_VERSION = 5.0;
			};
			name = Debug;
		};
		A88FF685283C289300E87F4E /* Release */ = {
			isa = XCBuildConfiguration;
			buildSettings = {
				ASSETCATALOG_COMPILER_APPICON_NAME = AppIcon;
				ASSETCATALOG_COMPILER_GLOBAL_ACCENT_COLOR_NAME = AccentColor;
				CODE_SIGN_ENTITLEMENTS = macOS/macOS.entitlements;
				CODE_SIGN_STYLE = Automatic;
				COMBINE_HIDPI_IMAGES = YES;
				DEVELOPMENT_TEAM = 5R7P56JQ4P;
				ENABLE_HARDENED_RUNTIME = YES;
				ENABLE_PREVIEWS = YES;
				INFOPLIST_FILE = macOS/Info.plist;
				LD_RUNPATH_SEARCH_PATHS = (
					"$(inherited)",
					"@executable_path/../Frameworks",
				);
				MACOSX_DEPLOYMENT_TARGET = 11.0;
				PRODUCT_BUNDLE_IDENTIFIER = "Self.Practice2-4";
				PRODUCT_NAME = Practice2.4;
				SDKROOT = macosx;
				SWIFT_VERSION = 5.0;
			};
			name = Release;
		};
/* End XCBuildConfiguration section */

/* Begin XCConfigurationList section */
		A88FF663283C289000E87F4E /* Build configuration list for PBXProject "Practice2.4" */ = {
			isa = XCConfigurationList;
			buildConfigurations = (
				A88FF67E283C289300E87F4E /* Debug */,
				A88FF67F283C289300E87F4E /* Release */,
			);
			defaultConfigurationIsVisible = 0;
			defaultConfigurationName = Release;
		};
		A88FF680283C289300E87F4E /* Build configuration list for PBXNativeTarget "Practice2.4 (iOS)" */ = {
			isa = XCConfigurationList;
			buildConfigurations = (
				A88FF681283C289300E87F4E /* Debug */,
				A88FF682283C289300E87F4E /* Release */,
			);
			defaultConfigurationIsVisible = 0;
			defaultConfigurationName = Release;
		};
		A88FF683283C289300E87F4E /* Build configuration list for PBXNativeTarget "Practice2.4 (macOS)" */ = {
			isa = XCConfigurationList;
			buildConfigurations = (
				A88FF684283C289300E87F4E /* Debug */,
				A88FF685283C289300E87F4E /* Release */,
			);
			defaultConfigurationIsVisible = 0;
			defaultConfigurationName = Release;
		};
/* End XCConfigurationList section */
	};
	rootObject = A88FF660283C289000E87F4E /* Project object */;
}
